{
  "version": 4,
  "terraform_version": "1.15.8",
  "serial": 14,
  "lineage": "bf09cc5a-6860-7fd0-9c06-812a247d0ed9",
  "outputs": {
    "cluster_endpoint": {
      "value": "https://127.0.0.1:50303",
      "type": "string"
    },
    "cluster_name": {
      "value": "garage-system",
      "type": "string"
    },
    "kubeconfig_path": {
      "value": "/Users/pedromoreira/IdeaProjects/garage-system/infra/garage-system-config",
      "type": "string"
    },
    "postgres_service": {
      "value": "garage-postgresql:5432",
      "type": "string"
    }
  },
  "resources": [
    {
      "mode": "managed",
      "type": "kind_cluster",
      "name": "this",
      "provider": "provider[\"registry.terraform.io/tehcyx/kind\"]",
      "instances": [
        {
          "schema_version": 0,
          "attributes": {
            "client_certificate": "-----BEGIN CERTIFICATE-----\nMIIDKDCCAhCgAwIBAgIHRsHxEFbxNTANBgkqhkiG9w0BAQsFADAVMRMwEQYDVQQD\nEwprdWJlcm5ldGVzMB4XDTI2MDcxMzIxMzYzMFoXDTI3MDcxMzIxNDEzMFowPDEf\nMB0GA1UEChMWa3ViZWFkbTpjbHVzdGVyLWFkbWluczEZMBcGA1UEAxMQa3ViZXJu\nZXRlcy1hZG1pbjCCASIwDQYJKoZIhvcNAQEBBQADggEPADCCAQoCggEBAMNRlEPV\nVo2IAka+yujbKeFH3QvyoWNYez9mJPbqQcHDMHxI/cU9hboUBO5mPi1sXKyY/iCm\nm/eXjZByhI9awV4c+1SUzROAYzBTPmH2Vy6tn5MCORKyYzeI9kQaFXpph6sSB+6m\n3ngTAS7Zm+54zAjn44dl8LAF3W2fMPV/kMrX46LmdYGtNL7JQeOFLxwOckOid977\nvcewrfC5x07hivzU+Ya5wkrYZ/If8wzH8mC86eHxnhD4jbf2pzFYuB3T9zfsgXuY\nRdelE3pdbxf0wNCVG2yyuIsFEkiKGmybK5++BLj+gBE0mHiFe1hP0qO/HXmUwZqM\nMFnrCKhLTG1Zbt0CAwEAAaNWMFQwDgYDVR0PAQH/BAQDAgWgMBMGA1UdJQQMMAoG\nCCsGAQUFBwMCMAwGA1UdEwEB/wQCMAAwHwYDVR0jBBgwFoAUkeauOCIQOeNNsRzL\nU5uulvIrbu4wDQYJKoZIhvcNAQELBQADggEBAHE4J/Dv/U9vk3fnZR+GN1EWy3Zr\n5kdS02XIwSV7kiimPfkkE1hBSFm12OXN6k8hC3PxO/ZFVCeo87YFsHwI7icjdEK/\n+RJyerfEajzTungh0fbKDTYLQQIkEFrTKFmUQkcEndKi+jOKDt5SePw3rYYI3cc/\n3t8j12OSA8RG5M/QZ0WzoEamMPpFpy0JoldAGWsGA55Dt+/xkwhnpFpPG+j61RQz\nE+CyHT3GK/zvS/KUhPn6gjPJPoScR4rGCkUfmgF+GAq1Ziph9R4B5v2TeM6Glg0q\n+4DvIwl7PQnSSrd6D8lMUsYvV1gUJYtS8a7k5D0qPKm3wRbwv0wKOyTOsT0=\n-----END CERTIFICATE-----\n",
            "client_key": "-----BEGIN RSA PRIVATE KEY-----\nMIIEpAIBAAKCAQEAw1GUQ9VWjYgCRr7K6Nsp4UfdC/KhY1h7P2Yk9upBwcMwfEj9\nxT2FuhQE7mY+LWxcrJj+IKab95eNkHKEj1rBXhz7VJTNE4BjMFM+YfZXLq2fkwI5\nErJjN4j2RBoVemmHqxIH7qbeeBMBLtmb7njMCOfjh2XwsAXdbZ8w9X+QytfjouZ1\nga00vslB44UvHA5yQ6J33vu9x7Ct8LnHTuGK/NT5hrnCSthn8h/zDMfyYLzp4fGe\nEPiNt/anMVi4HdP3N+yBe5hF16UTel1vF/TA0JUbbLK4iwUSSIoabJsrn74EuP6A\nETSYeIV7WE/So78deZTBmowwWesIqEtMbVlu3QIDAQABAoIBAQCcNuMeXcKb7+vi\nKTaghqk4RQHGTIhHrLzmOAvYcAOntTVSMg7Fci9CZECNa7jPG5wDb1nRQ2/61nui\ny/S5sxx06TkarOhYcJbkT6/VKfEQpEy8h0qeaY5xHFnangIPpdecOw+dEFleL9UC\nY4kTcgm+Fbkk0aNvJUG0K148+4oSsLIBb+nGdIHoAlBtlj6PHgH6o2oAhwOxZ44E\nh2+9HTOTn/7c77fpOxn9HhjjG6FxeVmgYzHP5Bn9EHoXr1hbviWtNB0sXA3/vlJ1\nS8+xKIybA0tBFT7Tdf6ELGXLXWy7VxcAJiiCS+QP63pFRvGnrt8X2VlbeT5xSNeh\n/wEhefABAoGBAPBSwW5tTFDyCh7B/4hhCCnR6oNCf2Q3sfy9pXcgD/DMpD9hHjLT\nv1rhjS0DInGsOOJQD1Tou8lNDzpnFpILOvOmRV7QuKFbHR0mUS8f/MLepCEs+yn5\nTUE2JcdMXO2BVaZRHvMxC9ll6bnKd0Bfaz6KOUmoe1L1xGsfq5N6sj/xAoGBANAP\nRpMpLFYQPhSEu4LqFYQGooV4nNZRRLZMSxJFQtRmy6y4moVXR0vuOoUEE4HkNYTJ\nibzfnNYSjNIuZJwsHnoi3/k/sWimCyfGnZLQ70AxoRVr8bJREcA4oRJ2f5wVUwYl\nTvED2XorieOzCWCm8WBPCuVm4On/xzxtAbMpsMmtAoGBAIB2PB+jHSBHwVEfslBc\nTdjM9OalLSONAf9wAHrlEKBPQ5z9dP8GYUtbNfPRsR/CR8XxtcBVh8va/UDiyhXX\nGvQS9RHx0D+wTKfAS7U9DAe+q01wlfGh6cHqB9e44hOzBu2Yf0rP9N2ItJ8zsvse\nBl2v1V+iSAnYhd4dV8HF3HKBAoGAUj2HhwniVY6MC24/9Ep1AL/io+F+FRUAlRJp\nJiqsdOrBHV/G7GgIbZIYHZXz5AcBxKApSrgU9WVVtorSCA1EasC4SXyMsrHXfPx8\nMplVyMkVRDNr0TFMU+/Oc07VuCuRqr86ifgckbb+BTwyu7qhdJEp3G2i/7uz1EW+\nQ0R6de0CgYBzw4C91lC+B0TyzwFZ+/0I+89KrXuIENjKhRsHtxTrZWLCq/OyZzQH\nFszuGHwYF4AP1BYPey3MlIIeukPrbsa8JYfZBBsWzi3YYy5cqpBtWmILfGVSH1TO\nA0FDkd8F/78JSJTuird+CPZvx2HzsdKb13QYLi6L46lakAqLJDY9mA==\n-----END RSA PRIVATE KEY-----\n",
            "cluster_ca_certificate": "-----BEGIN CERTIFICATE-----\nMIIDBTCCAe2gAwIBAgIIKB4dBYg5s4MwDQYJKoZIhvcNAQELBQAwFTETMBEGA1UE\nAxMKa3ViZXJuZXRlczAeFw0yNjA3MTMyMTM2MzBaFw0zNjA3MTAyMTQxMzBaMBUx\nEzARBgNVBAMTCmt1YmVybmV0ZXMwggEiMA0GCSqGSIb3DQEBAQUAA4IBDwAwggEK\nAoIBAQCyNXuIJ3a5XO49asxw3EioKOETCCm/QYBNONyeMtCLPONn4uzeN0XAJsGn\n6Bhx9gfy74WJTNzzHtkiIL1ckFgx/b7Q1oy/Fhy4mygLQ13hxmnrYeRVY76CkDAH\nz2yBrNSnB6atf4yQPcF+oLpkTlGbitOcQi+WsQeO4Uq//OcqVcyExovOLI1cdCxj\nBxCpyboj2//Nq9U7+pFC7HI/PfLRT0Jp+m+V0a0Bmh5dwsUNTd5CCoNgaN1n91Ra\nJa+ZxIfO3cgpetDR0wxxZXrQJHGLVrkQGsdGWbPq9dqqMiYOUHlYJHr82GNNoTwc\nxkxBYGyVcthxIthKe6bRhvvhH/0LAgMBAAGjWTBXMA4GA1UdDwEB/wQEAwICpDAP\nBgNVHRMBAf8EBTADAQH/MB0GA1UdDgQWBBSR5q44IhA5402xHMtTm66W8itu7jAV\nBgNVHREEDjAMggprdWJlcm5ldGVzMA0GCSqGSIb3DQEBCwUAA4IBAQADHfgxa4ia\n2Q7K3k1RwyXzdS2S2ESxRuA1bMtPGkIs12YAEGGI3rA+C2jzwKhkVaw26YCSatrH\nRb+DGDyT0Mid3ZfC0ssh83Fbbbl1D2UE89+CCxDdiq/nYBRJcMZg84CgdIntr7dh\nEMgSKDeb/8OhZPRmb08+s+xI6cIujYyirAJmoR/kHI27xJrxjhEhJQhBodag65cD\nU59zOOBH3fPGKIwTu+/e5dcIND7Q3JeNT/lPfipDjdecZPAy0biioys0X2S42Gi8\nZlHVqgTGqRIBTs9Wd1mOIzJS+S9lYCYEa6FTGjSVBz+wnUjhJveJCzSJxO995jb0\nWJvAnzQwpI5e\n-----END CERTIFICATE-----\n",
            "completed": true,
            "endpoint": "https://127.0.0.1:50303",
            "id": "garage-system-kindest/node:v1.31.0",
            "kind_config": [
              {
                "api_version": "kind.x-k8s.io/v1alpha4",
                "containerd_config_patches": [],
                "feature_gates": {},
                "kind": "Cluster",
                "networking": [],
                "node": [
                  {
                    "extra_mounts": [],
                    "extra_port_mappings": [
                      {
                        "container_port": 30080,
                        "host_port": 8080,
                        "listen_address": "",
                        "protocol": "TCP"
                      }
                    ],
                    "image": "",
                    "kubeadm_config_patches": [],
                    "labels": {},
                    "role": "control-plane"
                  },
                  {
                    "extra_mounts": [],
                    "extra_port_mappings": [],
                    "image": "",
                    "kubeadm_config_patches": [],
                    "labels": {},
                    "role": "worker"
                  }
                ],
                "runtime_config": {}
              }
            ],
            "kubeconfig": "apiVersion: v1\nclusters:\n- cluster:\n    certificate-authority-data: LS0tLS1CRUdJTiBDRVJUSUZJQ0FURS0tLS0tCk1JSURCVENDQWUyZ0F3SUJBZ0lJS0I0ZEJZZzVzNE13RFFZSktvWklodmNOQVFFTEJRQXdGVEVUTUJFR0ExVUUKQXhNS2EzVmlaWEp1WlhSbGN6QWVGdzB5TmpBM01UTXlNVE0yTXpCYUZ3MHpOakEzTVRBeU1UUXhNekJhTUJVeApFekFSQmdOVkJBTVRDbXQxWW1WeWJtVjBaWE13Z2dFaU1BMEdDU3FHU0liM0RRRUJBUVVBQTRJQkR3QXdnZ0VLCkFvSUJBUUN5Tlh1SUozYTVYTzQ5YXN4dzNFaW9LT0VUQ0NtL1FZQk5PTnllTXRDTFBPTm40dXplTjBYQUpzR24KNkJoeDlnZnk3NFdKVE56ekh0a2lJTDFja0ZneC9iN1Exb3kvRmh5NG15Z0xRMTNoeG1uclllUlZZNzZDa0RBSAp6MnlCck5TbkI2YXRmNHlRUGNGK29McGtUbEdiaXRPY1FpK1dzUWVPNFVxLy9PY3FWY3lFeG92T0xJMWNkQ3hqCkJ4Q3B5Ym9qMi8vTnE5VTcrcEZDN0hJL1BmTFJUMEpwK20rVjBhMEJtaDVkd3NVTlRkNUNDb05nYU4xbjkxUmEKSmErWnhJZk8zY2dwZXREUjB3eHhaWHJRSkhHTFZya1FHc2RHV2JQcTlkcXFNaVlPVUhsWUpIcjgyR05Ob1R3Ywp4a3hCWUd5VmN0aHhJdGhLZTZiUmh2dmhILzBMQWdNQkFBR2pXVEJYTUE0R0ExVWREd0VCL3dRRUF3SUNwREFQCkJnTlZIUk1CQWY4RUJUQURBUUgvTUIwR0ExVWREZ1FXQkJTUjVxNDRJaEE1NDAyeEhNdFRtNjZXOGl0dTdqQVYKQmdOVkhSRUVEakFNZ2dwcmRXSmxjbTVsZEdWek1BMEdDU3FHU0liM0RRRUJDd1VBQTRJQkFRQURIZmd4YTRpYQoyUTdLM2sxUnd5WHpkUzJTMkVTeFJ1QTFiTXRQR2tJczEyWUFFR0dJM3JBK0Myanp3S2hrVmF3MjZZQ1NhdHJIClJiK0RHRHlUME1pZDNaZkMwc3NoODNGYmJibDFEMlVFODkrQ0N4RGRpcS9uWUJSSmNNWmc4NENnZEludHI3ZGgKRU1nU0tEZWIvOE9oWlBSbWIwOCtzK3hJNmNJdWpZeWlyQUptb1Iva0hJMjd4SnJ4amhFaEpRaEJvZGFnNjVjRApVNTl6T09CSDNmUEdLSXdUdSsvZTVkY0lORDdRM0plTlQvbFBmaXBEamRlY1pQQXkwYmlpb3lzMFgyUzQyR2k4ClpsSFZxZ1RHcVJJQlRzOVdkMW1PSXpKUytTOWxZQ1lFYTZGVEdqU1ZCeit3blVqaEp2ZUpDelNKeE85OTVqYjAKV0p2QW56UXdwSTVlCi0tLS0tRU5EIENFUlRJRklDQVRFLS0tLS0K\n    server: https://127.0.0.1:50303\n  name: kind-garage-system\ncontexts:\n- context:\n    cluster: kind-garage-system\n    user: kind-garage-system\n  name: kind-garage-system\ncurrent-context: kind-garage-system\nkind: Config\npreferences: {}\nusers:\n- name: kind-garage-system\n  user:\n    client-certificate-data: LS0tLS1CRUdJTiBDRVJUSUZJQ0FURS0tLS0tCk1JSURLRENDQWhDZ0F3SUJBZ0lIUnNIeEVGYnhOVEFOQmdrcWhraUc5dzBCQVFzRkFEQVZNUk13RVFZRFZRUUQKRXdwcmRXSmxjbTVsZEdWek1CNFhEVEkyTURjeE16SXhNell6TUZvWERUSTNNRGN4TXpJeE5ERXpNRm93UERFZgpNQjBHQTFVRUNoTVdhM1ZpWldGa2JUcGpiSFZ6ZEdWeUxXRmtiV2x1Y3pFWk1CY0dBMVVFQXhNUWEzVmlaWEp1ClpYUmxjeTFoWkcxcGJqQ0NBU0l3RFFZSktvWklodmNOQVFFQkJRQURnZ0VQQURDQ0FRb0NnZ0VCQU1OUmxFUFYKVm8ySUFrYSt5dWpiS2VGSDNRdnlvV05ZZXo5bUpQYnFRY0hETUh4SS9jVTloYm9VQk81bVBpMXNYS3lZL2lDbQptL2VYalpCeWhJOWF3VjRjKzFTVXpST0FZekJUUG1IMlZ5NnRuNU1DT1JLeVl6ZUk5a1FhRlhwcGg2c1NCKzZtCjNuZ1RBUzdabSs1NHpBam40NGRsOExBRjNXMmZNUFYva01yWDQ2TG1kWUd0Tkw3SlFlT0ZMeHdPY2tPaWQ5NzcKdmNld3JmQzV4MDdoaXZ6VStZYTV3a3JZWi9JZjh3ekg4bUM4NmVIeG5oRDRqYmYycHpGWXVCM1Q5emZzZ1h1WQpSZGVsRTNwZGJ4ZjB3TkNWRzJ5eXVJc0ZFa2lLR215Yks1KytCTGorZ0JFMG1IaUZlMWhQMHFPL0hYbVV3WnFNCk1GbnJDS2hMVEcxWmJ0MENBd0VBQWFOV01GUXdEZ1lEVlIwUEFRSC9CQVFEQWdXZ01CTUdBMVVkSlFRTU1Bb0cKQ0NzR0FRVUZCd01DTUF3R0ExVWRFd0VCL3dRQ01BQXdId1lEVlIwakJCZ3dGb0FVa2VhdU9DSVFPZU5Oc1J6TApVNXV1bHZJcmJ1NHdEUVlKS29aSWh2Y05BUUVMQlFBRGdnRUJBSEU0Si9Edi9VOXZrM2ZuWlIrR04xRVd5M1pyCjVrZFMwMlhJd1NWN2tpaW1QZmtrRTFoQlNGbTEyT1hONms4aEMzUHhPL1pGVkNlbzg3WUZzSHdJN2ljamRFSy8KK1JKeWVyZkVhanpUdW5naDBmYktEVFlMUVFJa0VGclRLRm1VUWtjRW5kS2krak9LRHQ1U2VQdzNyWVlJM2NjLwozdDhqMTJPU0E4Ukc1TS9RWjBXem9FYW1NUHBGcHkwSm9sZEFHV3NHQTU1RHQrL3hrd2hucEZwUEcrajYxUlF6CkUrQ3lIVDNHSy96dlMvS1VoUG42Z2pQSlBvU2NSNHJHQ2tVZm1nRitHQXExWmlwaDlSNEI1djJUZU02R2xnMHEKKzREdkl3bDdQUW5TU3JkNkQ4bE1Vc1l2VjFnVUpZdFM4YTdrNUQwcVBLbTN3UmJ3djB3S095VE9zVDA9Ci0tLS0tRU5EIENFUlRJRklDQVRFLS0tLS0K\n    client-key-data: LS0tLS1CRUdJTiBSU0EgUFJJVkFURSBLRVktLS0tLQpNSUlFcEFJQkFBS0NBUUVBdzFHVVE5VldqWWdDUnI3SzZOc3A0VWZkQy9LaFkxaDdQMllrOXVwQndjTXdmRWo5CnhUMkZ1aFFFN21ZK0xXeGNySmorSUthYjk1ZU5rSEtFajFyQlhoejdWSlRORTRCak1GTStZZlpYTHEyZmt3STUKRXJKak40ajJSQm9WZW1tSHF4SUg3cWJlZUJNQkx0bWI3bmpNQ09mamgyWHdzQVhkYlo4dzlYK1F5dGZqb3VaMQpnYTAwdnNsQjQ0VXZIQTV5UTZKMzN2dTl4N0N0OExuSFR1R0svTlQ1aHJuQ1N0aG44aC96RE1meVlMenA0ZkdlCkVQaU50L2FuTVZpNEhkUDNOK3lCZTVoRjE2VVRlbDF2Ri9UQTBKVWJiTEs0aXdVU1NJb2FiSnNybjc0RXVQNkEKRVRTWWVJVjdXRS9Tbzc4ZGVaVEJtb3d3V2VzSXFFdE1iVmx1M1FJREFRQUJBb0lCQVFDY051TWVYY0tiNyt2aQpLVGFnaHFrNFJRSEdUSWhIckx6bU9BdlljQU9udFRWU01nN0ZjaTlDWkVDTmE3alBHNXdEYjFuUlEyLzYxbnVpCnkvUzVzeHgwNlRrYXJPaFljSmJrVDYvVktmRVFwRXk4aDBxZWFZNXhIRm5hbmdJUHBkZWNPdytkRUZsZUw5VUMKWTRrVGNnbStGYmtrMGFOdkpVRzBLMTQ4KzRvU3NMSUJiK25HZElIb0FsQnRsajZQSGdINm8yb0Fod094WjQ0RQpoMis5SFRPVG4vN2M3N2ZwT3huOUhoampHNkZ4ZVZtZ1l6SFA1Qm45RUhvWHIxaGJ2aVd0TkIwc1hBMy92bEoxClM4K3hLSXliQTB0QkZUN1RkZjZFTEdYTFhXeTdWeGNBSmlpQ1MrUVA2M3BGUnZHbnJ0OFgyVmxiZVQ1eFNOZWgKL3dFaGVmQUJBb0dCQVBCU3dXNXRURkR5Q2g3Qi80aGhDQ25SNm9OQ2YyUTNzZnk5cFhjZ0QvRE1wRDloSGpMVAp2MXJoalMwREluR3NPT0pRRDFUb3U4bE5EenBuRnBJTE92T21SVjdRdUtGYkhSMG1VUzhmL01MZXBDRXMreW41ClRVRTJKY2RNWE8yQlZhWlJIdk14QzlsbDZibktkMEJmYXo2S09VbW9lMUwxeEdzZnE1TjZzai94QW9HQkFOQVAKUnBNcExGWVFQaFNFdTRMcUZZUUdvb1Y0bk5aUlJMWk1TeEpGUXRSbXk2eTRtb1ZYUjB2dU9vVUVFNEhrTllUSgppYnpmbk5ZU2pOSXVaSndzSG5vaTMvay9zV2ltQ3lmR25aTFE3MEF4b1JWcjhiSlJFY0E0b1JKMmY1d1ZVd1lsClR2RUQyWG9yaWVPekNXQ204V0JQQ3VWbTRPbi94enh0QWJNcHNNbXRBb0dCQUlCMlBCK2pIU0JId1ZFZnNsQmMKVGRqTTlPYWxMU09OQWY5d0FIcmxFS0JQUTV6OWRQOEdZVXRiTmZQUnNSL0NSOFh4dGNCVmg4dmEvVURpeWhYWApHdlFTOVJIeDBEK3dUS2ZBUzdVOURBZStxMDF3bGZHaDZjSHFCOWU0NGhPekJ1MllmMHJQOU4ySXRKOHpzdnNlCkJsMnYxVitpU0FuWWhkNGRWOEhGM0hLQkFvR0FVajJIaHduaVZZNk1DMjQvOUVwMUFML2lvK0YrRlJVQWxSSnAKSmlxc2RPckJIVi9HN0dnSWJaSVlIWlh6NUFjQnhLQXBTcmdVOVdWVnRvclNDQTFFYXNDNFNYeU1zckhYZlB4OApNcGxWeU1rVlJETnIwVEZNVSsvT2MwN1Z1Q3VScXI4NmlmZ2NrYmIrQlR3eXU3cWhkSkVwM0cyaS83dXoxRVcrClEwUjZkZTBDZ1lCenc0QzkxbEMrQjBUeXp3RlorLzBJKzg5S3JYdUlFTmpLaFJzSHR4VHJaV0xDcS9PeVp6UUgKRnN6dUdId1lGNEFQMUJZUGV5M01sSUlldWtQcmJzYThKWWZaQkJzV3ppM1lZeTVjcXBCdFdtSUxmR1ZTSDFUTwpBMEZEa2Q4Ri83OEpTSlR1aXJkK0NQWnZ4Mkh6c2RLYjEzUVlMaTZMNDZsYWtBcUxKRFk5bUE9PQotLS0tLUVORCBSU0EgUFJJVkFURSBLRVktLS0tLQo=\n",
            "kubeconfig_path": "/Users/pedromoreira/IdeaProjects/garage-system/infra/garage-system-config",
            "name": "garage-system",
            "node_image": "kindest/node:v1.31.0",
            "timeouts": null,
            "wait_for_ready": true
          },
          "sensitive_attributes": [],
          "identity_schema_version": 0,
          "private": "eyJlMmJmYjczMC1lY2FhLTExZTYtOGY4OC0zNDM2M2JjN2M0YzAiOnsiY3JlYXRlIjozMDAwMDAwMDAwMDAsImRlbGV0ZSI6MzAwMDAwMDAwMDAwLCJ1cGRhdGUiOjMwMDAwMDAwMDAwMH19"
        }
      ]
    },
    {
      "mode": "managed",
      "type": "kubernetes_deployment",
      "name": "postgres",
      "provider": "provider[\"registry.terraform.io/hashicorp/kubernetes\"]",
      "instances": [
        {
          "schema_version": 1,
          "attributes": {
            "id": "default/garage-postgresql",
            "metadata": [
              {
                "annotations": null,
                "generate_name": "",
                "generation": 1,
                "labels": {
                  "app": "garage-postgresql"
                },
                "name": "garage-postgresql",
                "namespace": "default",
                "resource_version": "2287",
                "uid": "fb97de58-79a9-4bca-a34f-c0e35e079242"
              }
            ],
            "spec": [
              {
                "min_ready_seconds": 0,
                "paused": false,
                "progress_deadline_seconds": 600,
                "replicas": "1",
                "revision_history_limit": 10,
                "selector": [
                  {
                    "match_expressions": [],
                    "match_labels": {
                      "app": "garage-postgresql"
                    }
                  }
                ],
                "strategy": [
                  {
                    "rolling_update": [
                      {
                        "max_surge": "25%",
                        "max_unavailable": "25%"
                      }
                    ],
                    "type": "RollingUpdate"
                  }
                ],
                "template": [
                  {
                    "metadata": [
                      {
                        "annotations": null,
                        "generate_name": "",
                        "generation": 0,
                        "labels": {
                          "app": "garage-postgresql"
                        },
                        "name": "",
                        "namespace": "",
                        "resource_version": "",
                        "uid": ""
                      }
                    ],
                    "spec": [
                      {
                        "active_deadline_seconds": 0,
                        "affinity": [],
                        "automount_service_account_token": true,
                        "container": [
                          {
                            "args": null,
                            "command": null,
                            "env": [],
                            "env_from": [
                              {
                                "config_map_ref": [],
                                "prefix": "",
                                "secret_ref": [
                                  {
                                    "name": "garage-postgresql-secret",
                                    "optional": false
                                  }
                                ]
                              }
                            ],
                            "image": "postgres:16-alpine",
                            "image_pull_policy": "IfNotPresent",
                            "lifecycle": [],
                            "liveness_probe": [
                              {
                                "exec": [
                                  {
                                    "command": [
                                      "pg_isready",
                                      "-U",
                                      "garage"
                                    ]
                                  }
                                ],
                                "failure_threshold": 3,
                                "grpc": [],
                                "http_get": [],
                                "initial_delay_seconds": 20,
                                "period_seconds": 10,
                                "success_threshold": 1,
                                "tcp_socket": [],
                                "timeout_seconds": 1
                              }
                            ],
                            "name": "postgres",
                            "port": [
                              {
                                "container_port": 5432,
                                "host_ip": "",
                                "host_port": 0,
                                "name": "",
                                "protocol": "TCP"
                              }
                            ],
                            "readiness_probe": [
                              {
                                "exec": [
                                  {
                                    "command": [
                                      "pg_isready",
                                      "-U",
                                      "garage"
                                    ]
                                  }
                                ],
                                "failure_threshold": 3,
                                "grpc": [],
                                "http_get": [],
                                "initial_delay_seconds": 10,
                                "period_seconds": 5,
                                "success_threshold": 1,
                                "tcp_socket": [],
                                "timeout_seconds": 1
                              }
                            ],
                            "resources": [
                              {
                                "limits": {},
                                "requests": {}
                              }
                            ],
                            "restart_policy": "",
                            "security_context": [],
                            "startup_probe": [],
                            "stdin": false,
                            "stdin_once": false,
                            "termination_message_path": "/dev/termination-log",
                            "termination_message_policy": "File",
                            "tty": false,
                            "volume_device": [],
                            "volume_mount": [
                              {
                                "mount_path": "/var/lib/postgresql/data",
                                "mount_propagation": "None",
                                "name": "data",
                                "read_only": false,
                                "sub_path": "postgres",
                                "sub_path_expr": ""
                              }
                            ],
                            "working_dir": ""
                          }
                        ],
                        "dns_config": [],
                        "dns_policy": "ClusterFirst",
                        "enable_service_links": true,
                        "host_aliases": [],
                        "host_ipc": false,
                        "host_network": false,
                        "host_pid": false,
                        "hostname": "",
                        "image_pull_secrets": [],
                        "init_container": [],
                        "node_name": "",
                        "node_selector": null,
                        "os": [],
                        "priority_class_name": "",
                        "readiness_gate": [],
                        "restart_policy": "Always",
                        "runtime_class_name": "",
                        "scheduler_name": "default-scheduler",
                        "security_context": [],
                        "service_account_name": "",
                        "share_process_namespace": false,
                        "subdomain": "",
                        "termination_grace_period_seconds": 30,
                        "toleration": [],
                        "topology_spread_constraint": [],
                        "volume": [
                          {
                            "aws_elastic_block_store": [],
                            "azure_disk": [],
                            "azure_file": [],
                            "ceph_fs": [],
                            "cinder": [],
                            "config_map": [],
                            "csi": [],
                            "downward_api": [],
                            "empty_dir": [],
                            "ephemeral": [],
                            "fc": [],
                            "flex_volume": [],
                            "flocker": [],
                            "gce_persistent_disk": [],
                            "git_repo": [],
                            "glusterfs": [],
                            "host_path": [],
                            "iscsi": [],
                            "local": [],
                            "name": "data",
                            "nfs": [],
                            "persistent_volume_claim": [
                              {
                                "claim_name": "garage-postgresql-pvc",
                                "read_only": false
                              }
                            ],
                            "photon_persistent_disk": [],
                            "projected": [],
                            "quobyte": [],
                            "rbd": [],
                            "secret": [],
                            "vsphere_volume": []
                          }
                        ]
                      }
                    ]
                  }
                ]
              }
            ],
            "timeouts": null,
            "wait_for_rollout": true
          },
          "sensitive_attributes": [],
          "identity_schema_version": 1,
          "identity": {
            "api_version": "apps/v1",
            "kind": "Deployment",
            "name": "garage-postgresql",
            "namespace": "default"
          },
          "private": "eyJlMmJmYjczMC1lY2FhLTExZTYtOGY4OC0zNDM2M2JjN2M0YzAiOnsiY3JlYXRlIjo2MDAwMDAwMDAwMDAsImRlbGV0ZSI6NjAwMDAwMDAwMDAwLCJ1cGRhdGUiOjYwMDAwMDAwMDAwMH0sInNjaGVtYV92ZXJzaW9uIjoiMSJ9",
          "dependencies": [
            "kind_cluster.this",
            "kubernetes_persistent_volume_claim.postgres",
            "kubernetes_secret.postgres"
          ]
        }
      ]
    },
    {
      "mode": "managed",
      "type": "kubernetes_persistent_volume_claim",
      "name": "postgres",
      "provider": "provider[\"registry.terraform.io/hashicorp/kubernetes\"]",
      "instances": [
        {
          "schema_version": 0,
          "attributes": {
            "id": "default/garage-postgresql-pvc",
            "metadata": [
              {
                "annotations": null,
                "generate_name": "",
                "generation": 0,
                "labels": null,
                "name": "garage-postgresql-pvc",
                "namespace": "default",
                "resource_version": "2201",
                "uid": "3d9cb68f-b329-4049-8f58-dabe33243565"
              }
            ],
            "spec": [
              {
                "access_modes": [
                  "ReadWriteOnce"
                ],
                "resources": [
                  {
                    "limits": null,
                    "requests": {
                      "storage": "2Gi"
                    }
                  }
                ],
                "selector": [],
                "storage_class_name": "standard",
                "volume_mode": "Filesystem",
                "volume_name": ""
              }
            ],
            "timeouts": null,
            "wait_until_bound": false
          },
          "sensitive_attributes": [],
          "identity_schema_version": 0,
          "private": "eyJlMmJmYjczMC1lY2FhLTExZTYtOGY4OC0zNDM2M2JjN2M0YzAiOnsiY3JlYXRlIjozMDAwMDAwMDAwMDB9fQ==",
          "dependencies": [
            "kind_cluster.this"
          ]
        }
      ]
    },
    {
      "mode": "managed",
      "type": "kubernetes_secret",
      "name": "postgres",
      "provider": "provider[\"registry.terraform.io/hashicorp/kubernetes\"]",
      "instances": [
        {
          "schema_version": 0,
          "attributes": {
            "binary_data": null,
            "binary_data_wo": null,
            "binary_data_wo_revision": null,
            "data": {
              "POSTGRES_DB": "garagesystem_db",
              "POSTGRES_PASSWORD": "garage123",
              "POSTGRES_USER": "garage"
            },
            "data_wo": null,
            "data_wo_revision": null,
            "id": "default/garage-postgresql-secret",
            "immutable": false,
            "metadata": [
              {
                "annotations": {},
                "generate_name": "",
                "generation": 0,
                "labels": {},
                "name": "garage-postgresql-secret",
                "namespace": "default",
                "resource_version": "464",
                "uid": "e725b1f3-63a9-4b52-b273-8a5762b57e35"
              }
            ],
            "timeouts": null,
            "type": "Opaque",
            "wait_for_service_account_token": true
          },
          "sensitive_attributes": [
            [
              {
                "type": "get_attr",
                "value": "binary_data"
              }
            ],
            [
              {
                "type": "get_attr",
                "value": "data"
              }
            ],
            [
              {
                "type": "get_attr",
                "value": "data"
              },
              {
                "type": "index",
                "value": {
                  "value": "POSTGRES_PASSWORD",
                  "type": "string"
                }
              }
            ]
          ],
          "identity_schema_version": 1,
          "identity": {
            "api_version": "v1",
            "kind": "Secret",
            "name": "garage-postgresql-secret",
            "namespace": "default"
          },
          "private": "eyJlMmJmYjczMC1lY2FhLTExZTYtOGY4OC0zNDM2M2JjN2M0YzAiOnsiY3JlYXRlIjo2MDAwMDAwMDAwMH19",
          "dependencies": [
            "kind_cluster.this"
          ]
        }
      ]
    },
    {
      "mode": "managed",
      "type": "kubernetes_service",
      "name": "postgres",
      "provider": "provider[\"registry.terraform.io/hashicorp/kubernetes\"]",
      "instances": [
        {
          "schema_version": 1,
          "attributes": {
            "id": "default/garage-postgresql",
            "metadata": [
              {
                "annotations": {},
                "generate_name": "",
                "generation": 0,
                "labels": {},
                "name": "garage-postgresql",
                "namespace": "default",
                "resource_version": "467",
                "uid": "5275fe29-9e8d-4604-92be-10bca0a89474"
              }
            ],
            "spec": [
              {
                "allocate_load_balancer_node_ports": true,
                "cluster_ip": "10.96.129.112",
                "cluster_ips": [
                  "10.96.129.112"
                ],
                "external_ips": [],
                "external_name": "",
                "external_traffic_policy": "",
                "health_check_node_port": 0,
                "internal_traffic_policy": "Cluster",
                "ip_families": [
                  "IPv4"
                ],
                "ip_family_policy": "SingleStack",
                "load_balancer_class": "",
                "load_balancer_ip": "",
                "load_balancer_source_ranges": [],
                "port": [
                  {
                    "app_protocol": "",
                    "name": "",
                    "node_port": 0,
                    "port": 5432,
                    "protocol": "TCP",
                    "target_port": "5432"
                  }
                ],
                "publish_not_ready_addresses": false,
                "selector": {
                  "app": "garage-postgresql"
                },
                "session_affinity": "None",
                "session_affinity_config": [],
                "type": "ClusterIP"
              }
            ],
            "status": [
              {
                "load_balancer": [
                  {
                    "ingress": []
                  }
                ]
              }
            ],
            "timeouts": null,
            "wait_for_load_balancer": true
          },
          "sensitive_attributes": [],
          "identity_schema_version": 1,
          "identity": {
            "api_version": "v1",
            "kind": "Service",
            "name": "garage-postgresql",
            "namespace": "default"
          },
          "private": "eyJlMmJmYjczMC1lY2FhLTExZTYtOGY4OC0zNDM2M2JjN2M0YzAiOnsiY3JlYXRlIjo2MDAwMDAwMDAwMDB9LCJzY2hlbWFfdmVyc2lvbiI6IjEifQ==",
          "dependencies": [
            "kind_cluster.this"
          ]
        }
      ]
    },
    {
      "mode": "managed",
      "type": "null_resource",
      "name": "metrics_server",
      "provider": "provider[\"registry.terraform.io/hashicorp/null\"]",
      "instances": [
        {
          "schema_version": 0,
          "attributes": {
            "id": "1683945097341511950",
            "triggers": null
          },
          "sensitive_attributes": [],
          "identity_schema_version": 0,
          "dependencies": [
            "kind_cluster.this"
          ]
        }
      ]
    }
  ],
  "check_results": null
}
